// !$*UTF8*$!
{
	archiveVersion = 1;
	classes = {
	};
	objectVersion = 51;
	objects = {

/* Begin PBXBuildFile section */
		53B1A337439019D63B61972E /* Pods_Flickr_MVVM.framework in Frameworks */ = {isa = PBXBuildFile; fileRef = 326B9F2C601C0796608813A7 /* Pods_Flickr_MVVM.framework */; };
		6C15D8CD24C2D08C000B9513 /* AppDelegate.swift in Sources */ = {isa = PBXBuildFile; fileRef = 6C15D8CC24C2D08C000B9513 /* AppDelegate.swift */; };
		6C15D8CF24C2D08C000B9513 /* SceneDelegate.swift in Sources */ = {isa = PBXBuildFile; fileRef = 6C15D8CE24C2D08C000B9513 /* SceneDelegate.swift */; };
		6C15D8D424C2D08C000B9513 /* Main.storyboard in Resources */ = {isa = PBXBuildFile; fileRef = 6C15D8D224C2D08C000B9513 /* Main.storyboard */; };
		6C15D8D624C2D08E000B9513 /* Assets.xcassets in Resources */ = {isa = PBXBuildFile; fileRef = 6C15D8D524C2D08E000B9513 /* Assets.xcassets */; };
		6C15D8D924C2D08E000B9513 /* LaunchScreen.storyboard in Resources */ = {isa = PBXBuildFile; fileRef = 6C15D8D724C2D08E000B9513 /* LaunchScreen.storyboard */; };
		6C15D8E224C2F06A000B9513 /* UserListingController.swift in Sources */ = {isa = PBXBuildFile; fileRef = 6C15D8E124C2F06A000B9513 /* UserListingController.swift */; };
		6C15D8E524C349E7000B9513 /* UserListResponseModel.swift in Sources */ = {isa = PBXBuildFile; fileRef = 6C15D8E424C349E7000B9513 /* UserListResponseModel.swift */; };
		6C33BAC324C5C4DF00B4BC02 /* UsedTechnologyController.swift in Sources */ = {isa = PBXBuildFile; fileRef = 6C33BAC224C5C4DF00B4BC02 /* UsedTechnologyController.swift */; };
		6C33BAC524C5C53C00B4BC02 /* TechnologyCoordinator.swift in Sources */ = {isa = PBXBuildFile; fileRef = 6C33BAC424C5C53C00B4BC02 /* TechnologyCoordinator.swift */; };
		6C3BA16324C5B590000A8722 /* ApiConstants.swift in Sources */ = {isa = PBXBuildFile; fileRef = 6C3BA16224C5B590000A8722 /* ApiConstants.swift */; };
		6C3BA16524C5BB0E000A8722 /* FlickrSessionManager.swift in Sources */ = {isa = PBXBuildFile; fileRef = 6C3BA16424C5BB0E000A8722 /* FlickrSessionManager.swift */; };
		6C3BA16724C5BB4B000A8722 /* PhotoModel.swift in Sources */ = {isa = PBXBuildFile; fileRef = 6C3BA16624C5BB4B000A8722 /* PhotoModel.swift */; };
		6C3BA16924C5BC53000A8722 /* FlickrCoordinator.swift in Sources */ = {isa = PBXBuildFile; fileRef = 6C3BA16824C5BC53000A8722 /* FlickrCoordinator.swift */; };
		6C3BA16B24C5BE42000A8722 /* FlickrCollectionViewModel.swift in Sources */ = {isa = PBXBuildFile; fileRef = 6C3BA16A24C5BE42000A8722 /* FlickrCollectionViewModel.swift */; };
		6C3BA16D24C5BF05000A8722 /* FlickrViewModel.swift in Sources */ = {isa = PBXBuildFile; fileRef = 6C3BA16C24C5BF05000A8722 /* FlickrViewModel.swift */; };
		6C3BA16F24C5C057000A8722 /* FlickrCollectionCell.swift in Sources */ = {isa = PBXBuildFile; fileRef = 6C3BA16E24C5C057000A8722 /* FlickrCollectionCell.swift */; };
		6C4CBD2724C436D700C68B7C /* UserListingViewModel.swift in Sources */ = {isa = PBXBuildFile; fileRef = 6C4CBD2624C436D700C68B7C /* UserListingViewModel.swift */; };
		6C4CBD2D24C4795500C68B7C /* DetailViewController.swift in Sources */ = {isa = PBXBuildFile; fileRef = 6C4CBD2C24C4795500C68B7C /* DetailViewController.swift */; };
		6C4CBD2F24C479D600C68B7C /* DetailViewModel.swift in Sources */ = {isa = PBXBuildFile; fileRef = 6C4CBD2E24C479D600C68B7C /* DetailViewModel.swift */; };
		6C4CBD3424C499B500C68B7C /* Coordinator.swift in Sources */ = {isa = PBXBuildFile; fileRef = 6C4CBD3324C499B500C68B7C /* Coordinator.swift */; };
		6C4CBD3624C499CE00C68B7C /* ListingCoordinator.swift in Sources */ = {isa = PBXBuildFile; fileRef = 6C4CBD3524C499CE00C68B7C /* ListingCoordinator.swift */; };
		6C4CBD3924C4A14A00C68B7C /* SessionManager.swift in Sources */ = {isa = PBXBuildFile; fileRef = 6C4CBD3824C4A14A00C68B7C /* SessionManager.swift */; };
		6C4CBD3B24C4A27800C68B7C /* UserSessionManager.swift in Sources */ = {isa = PBXBuildFile; fileRef = 6C4CBD3A24C4A27800C68B7C /* UserSessionManager.swift */; };
		6C4CBD3E24C4E6DF00C68B7C /* StoryBoard+Extension.swift in Sources */ = {isa = PBXBuildFile; fileRef = 6C4CBD3D24C4E6DF00C68B7C /* StoryBoard+Extension.swift */; };
		6C4CBD4024C4F49300C68B7C /* FlickrViewController.swift in Sources */ = {isa = PBXBuildFile; fileRef = 6C4CBD3F24C4F49300C68B7C /* FlickrViewController.swift */; };
/* End PBXBuildFile section */

/* Begin PBXFileReference section */
		326B9F2C601C0796608813A7 /* Pods_Flickr_MVVM.framework */ = {isa = PBXFileReference; explicitFileType = wrapper.framework; includeInIndex = 0; path = Pods_Flickr_MVVM.framework; sourceTree = BUILT_PRODUCTS_DIR; };
		6C15D8C924C2D08C000B9513 /* Flickr-MVVM.app */ = {isa = PBXFileReference; explicitFileType = wrapper.application; includeInIndex = 0; path = "Flickr-MVVM.app"; sourceTree = BUILT_PRODUCTS_DIR; };
		6C15D8CC24C2D08C000B9513 /* AppDelegate.swift */ = {isa = PBXFileReference; lastKnownFileType = sourcecode.swift; path = AppDelegate.swift; sourceTree = "<group>"; };
		6C15D8CE24C2D08C000B9513 /* SceneDelegate.swift */ = {isa = PBXFileReference; lastKnownFileType = sourcecode.swift; path = SceneDelegate.swift; sourceTree = "<group>"; };
		6C15D8D324C2D08C000B9513 /* Base */ = {isa = PBXFileReference; lastKnownFileType = file.storyboard; name = Base; path = Base.lproj/Main.storyboard; sourceTree = "<group>"; };
		6C15D8D524C2D08E000B9513 /* Assets.xcassets */ = {isa = PBXFileReference; lastKnownFileType = folder.assetcatalog; path = Assets.xcassets; sourceTree = "<group>"; };
		6C15D8D824C2D08E000B9513 /* Base */ = {isa = PBXFileReference; lastKnownFileType = file.storyboard; name = Base; path = Base.lproj/LaunchScreen.storyboard; sourceTree = "<group>"; };
		6C15D8DA24C2D08E000B9513 /* Info.plist */ = {isa = PBXFileReference; lastKnownFileType = text.plist.xml; path = Info.plist; sourceTree = "<group>"; };
		6C15D8E124C2F06A000B9513 /* UserListingController.swift */ = {isa = PBXFileReference; lastKnownFileType = sourcecode.swift; path = UserListingController.swift; sourceTree = "<group>"; };
		6C15D8E424C349E7000B9513 /* UserListResponseModel.swift */ = {isa = PBXFileReference; lastKnownFileType = sourcecode.swift; path = UserListResponseModel.swift; sourceTree = "<group>"; };
		6C33BAC224C5C4DF00B4BC02 /* UsedTechnologyController.swift */ = {isa = PBXFileReference; lastKnownFileType = sourcecode.swift; path = UsedTechnologyController.swift; sourceTree = "<group>"; };
		6C33BAC424C5C53C00B4BC02 /* TechnologyCoordinator.swift */ = {isa = PBXFileReference; lastKnownFileType = sourcecode.swift; path = TechnologyCoordinator.swift; sourceTree = "<group>"; };
		6C3BA16224C5B590000A8722 /* ApiConstants.swift */ = {isa = PBXFileReference; lastKnownFileType = sourcecode.swift; path = ApiConstants.swift; sourceTree = "<group>"; };
		6C3BA16424C5BB0E000A8722 /* FlickrSessionManager.swift */ = {isa = PBXFileReference; lastKnownFileType = sourcecode.swift; path = FlickrSessionManager.swift; sourceTree = "<group>"; };
		6C3BA16624C5BB4B000A8722 /* PhotoModel.swift */ = {isa = PBXFileReference; lastKnownFileType = sourcecode.swift; path = PhotoModel.swift; sourceTree = "<group>"; };
		6C3BA16824C5BC53000A8722 /* FlickrCoordinator.swift */ = {isa = PBXFileReference; lastKnownFileType = sourcecode.swift; path = FlickrCoordinator.swift; sourceTree = "<group>"; };
		6C3BA16A24C5BE42000A8722 /* FlickrCollectionViewModel.swift */ = {isa = PBXFileReference; lastKnownFileType = sourcecode.swift; path = FlickrCollectionViewModel.swift; sourceTree = "<group>"; };
		6C3BA16C24C5BF05000A8722 /* FlickrViewModel.swift */ = {isa = PBXFileReference; lastKnownFileType = sourcecode.swift; path = FlickrViewModel.swift; sourceTree = "<group>"; };
		6C3BA16E24C5C057000A8722 /* FlickrCollectionCell.swift */ = {isa = PBXFileReference; lastKnownFileType = sourcecode.swift; path = FlickrCollectionCell.swift; sourceTree = "<group>"; };
		6C4CBD2624C436D700C68B7C /* UserListingViewModel.swift */ = {isa = PBXFileReference; lastKnownFileType = sourcecode.swift; path = UserListingViewModel.swift; sourceTree = "<group>"; };
		6C4CBD2C24C4795500C68B7C /* DetailViewController.swift */ = {isa = PBXFileReference; lastKnownFileType = sourcecode.swift; path = DetailViewController.swift; sourceTree = "<group>"; };
		6C4CBD2E24C479D600C68B7C /* DetailViewModel.swift */ = {isa = PBXFileReference; lastKnownFileType = sourcecode.swift; path = DetailViewModel.swift; sourceTree = "<group>"; };
		6C4CBD3324C499B500C68B7C /* Coordinator.swift */ = {isa = PBXFileReference; lastKnownFileType = sourcecode.swift; path = Coordinator.swift; sourceTree = "<group>"; };
		6C4CBD3524C499CE00C68B7C /* ListingCoordinator.swift */ = {isa = PBXFileReference; lastKnownFileType = sourcecode.swift; path = ListingCoordinator.swift; sourceTree = "<group>"; };
		6C4CBD3824C4A14A00C68B7C /* SessionManager.swift */ = {isa = PBXFileReference; lastKnownFileType = sourcecode.swift; path = SessionManager.swift; sourceTree = "<group>"; };
		6C4CBD3A24C4A27800C68B7C /* UserSessionManager.swift */ = {isa = PBXFileReference; lastKnownFileType = sourcecode.swift; path = UserSessionManager.swift; sourceTree = "<group>"; };
		6C4CBD3D24C4E6DF00C68B7C /* StoryBoard+Extension.swift */ = {isa = PBXFileReference; lastKnownFileType = sourcecode.swift; path = "StoryBoard+Extension.swift"; sourceTree = "<group>"; };
		6C4CBD3F24C4F49300C68B7C /* FlickrViewController.swift */ = {isa = PBXFileReference; lastKnownFileType = sourcecode.swift; path = FlickrViewController.swift; sourceTree = "<group>"; };
		77D3EC33F13EA32761C75C3A /* Pods-Flickr-MVVM.debug.xcconfig */ = {isa = PBXFileReference; includeInIndex = 1; lastKnownFileType = text.xcconfig; name = "Pods-Flickr-MVVM.debug.xcconfig"; path = "Target Support Files/Pods-Flickr-MVVM/Pods-Flickr-MVVM.debug.xcconfig"; sourceTree = "<group>"; };
		B05F2D0FACF9B180EAEEB876 /* Pods-Flickr-MVVM.release.xcconfig */ = {isa = PBXFileReference; includeInIndex = 1; lastKnownFileType = text.xcconfig; name = "Pods-Flickr-MVVM.release.xcconfig"; path = "Target Support Files/Pods-Flickr-MVVM/Pods-Flickr-MVVM.release.xcconfig"; sourceTree = "<group>"; };
/* End PBXFileReference section */

/* Begin PBXFrameworksBuildPhase section */
		6C15D8C624C2D08C000B9513 /* Frameworks */ = {
			isa = PBXFrameworksBuildPhase;
			buildActionMask = 2147483647;
			files = (
				53B1A337439019D63B61972E /* Pods_Flickr_MVVM.framework in Frameworks */,
			);
			runOnlyForDeploymentPostprocessing = 0;
		};
/* End PBXFrameworksBuildPhase section */

/* Begin PBXGroup section */
		1E5CD8E172E0B0C69793C95B /* Pods */ = {
			isa = PBXGroup;
			children = (
				77D3EC33F13EA32761C75C3A /* Pods-Flickr-MVVM.debug.xcconfig */,
				B05F2D0FACF9B180EAEEB876 /* Pods-Flickr-MVVM.release.xcconfig */,
			);
			path = Pods;
			sourceTree = "<group>";
		};
		6C15D8C024C2D08C000B9513 = {
			isa = PBXGroup;
			children = (
				6C15D8CB24C2D08C000B9513 /* Flickr-MVVM */,
				6C15D8CA24C2D08C000B9513 /* Products */,
				1E5CD8E172E0B0C69793C95B /* Pods */,
				EF5C9D1F4F75C5651D68598E /* Frameworks */,
			);
			sourceTree = "<group>";
		};
		6C15D8CA24C2D08C000B9513 /* Products */ = {
			isa = PBXGroup;
			children = (
				6C15D8C924C2D08C000B9513 /* Flickr-MVVM.app */,
			);
			name = Products;
			sourceTree = "<group>";
		};
		6C15D8CB24C2D08C000B9513 /* Flickr-MVVM */ = {
			isa = PBXGroup;
			children = (
				6C3BA16124C5B55C000A8722 /* Helper */,
				6C4CBD3C24C4E6B800C68B7C /* Extensions */,
				6C4CBD3724C4A12100C68B7C /* Network */,
				6C4CBD3024C4994700C68B7C /* Coordinators */,
				6C15D8E324C349B6000B9513 /* Model */,
				6C4CBD2524C4367E00C68B7C /* ViewModel */,
				6C4CBD2824C4417100C68B7C /* View */,
				6C15D8E024C2F028000B9513 /* Controllers */,
				6C4CBD2B24C475BB00C68B7C /* StoryBoard */,
				6C15D8CC24C2D08C000B9513 /* AppDelegate.swift */,
				6C15D8CE24C2D08C000B9513 /* SceneDelegate.swift */,
				6C15D8D524C2D08E000B9513 /* Assets.xcassets */,
				6C15D8D724C2D08E000B9513 /* LaunchScreen.storyboard */,
				6C15D8DA24C2D08E000B9513 /* Info.plist */,
			);
			path = "Flickr-MVVM";
			sourceTree = "<group>";
		};
		6C15D8E024C2F028000B9513 /* Controllers */ = {
			isa = PBXGroup;
			children = (
				6C15D8E124C2F06A000B9513 /* UserListingController.swift */,
				6C4CBD2C24C4795500C68B7C /* DetailViewController.swift */,
				6C4CBD3F24C4F49300C68B7C /* FlickrViewController.swift */,
				6C33BAC224C5C4DF00B4BC02 /* UsedTechnologyController.swift */,
			);
			path = Controllers;
			sourceTree = "<group>";
		};
		6C15D8E324C349B6000B9513 /* Model */ = {
			isa = PBXGroup;
			children = (
				6C15D8E424C349E7000B9513 /* UserListResponseModel.swift */,
				6C3BA16624C5BB4B000A8722 /* PhotoModel.swift */,
			);
			path = Model;
			sourceTree = "<group>";
		};
		6C3BA16124C5B55C000A8722 /* Helper */ = {
			isa = PBXGroup;
			children = (
				6C3BA16224C5B590000A8722 /* ApiConstants.swift */,
			);
			path = Helper;
			sourceTree = "<group>";
		};
		6C4CBD2524C4367E00C68B7C /* ViewModel */ = {
			isa = PBXGroup;
			children = (
				6C4CBD2624C436D700C68B7C /* UserListingViewModel.swift */,
				6C4CBD2E24C479D600C68B7C /* DetailViewModel.swift */,
				6C3BA16A24C5BE42000A8722 /* FlickrCollectionViewModel.swift */,
				6C3BA16C24C5BF05000A8722 /* FlickrViewModel.swift */,
			);
			path = ViewModel;
			sourceTree = "<group>";
		};
		6C4CBD2824C4417100C68B7C /* View */ = {
			isa = PBXGroup;
			children = (
				6C3BA16E24C5C057000A8722 /* FlickrCollectionCell.swift */,
			);
			path = View;
			sourceTree = "<group>";
		};
		6C4CBD2B24C475BB00C68B7C /* StoryBoard */ = {
			isa = PBXGroup;
			children = (
				6C15D8D224C2D08C000B9513 /* Main.storyboard */,
			);
			path = StoryBoard;
			sourceTree = "<group>";
		};
		6C4CBD3024C4994700C68B7C /* Coordinators */ = {
			isa = PBXGroup;
			children = (
				6C4CBD3324C499B500C68B7C /* Coordinator.swift */,
				6C4CBD3524C499CE00C68B7C /* ListingCoordinator.swift */,
				6C3BA16824C5BC53000A8722 /* FlickrCoordinator.swift */,
				6C33BAC424C5C53C00B4BC02 /* TechnologyCoordinator.swift */,
			);
			path = Coordinators;
			sourceTree = "<group>";
		};
		6C4CBD3724C4A12100C68B7C /* Network */ = {
			isa = PBXGroup;
			children = (
				6C4CBD3824C4A14A00C68B7C /* SessionManager.swift */,
				6C4CBD3A24C4A27800C68B7C /* UserSessionManager.swift */,
				6C3BA16424C5BB0E000A8722 /* FlickrSessionManager.swift */,
			);
			path = Network;
			sourceTree = "<group>";
		};
		6C4CBD3C24C4E6B800C68B7C /* Extensions */ = {
			isa = PBXGroup;
			children = (
				6C4CBD3D24C4E6DF00C68B7C /* StoryBoard+Extension.swift */,
			);
			path = Extensions;
			sourceTree = "<group>";
		};
		EF5C9D1F4F75C5651D68598E /* Frameworks */ = {
			isa = PBXGroup;
			children = (
				326B9F2C601C0796608813A7 /* Pods_Flickr_MVVM.framework */,
			);
			name = Frameworks;
			sourceTree = "<group>";
		};
/* End PBXGroup section */

/* Begin PBXNativeTarget section */
		6C15D8C824C2D08C000B9513 /* Flickr-MVVM */ = {
			isa = PBXNativeTarget;
			buildConfigurationList = 6C15D8DD24C2D08E000B9513 /* Build configuration list for PBXNativeTarget "Flickr-MVVM" */;
			buildPhases = (
				26BA9187B891CDED07EA97D1 /* [CP] Check Pods Manifest.lock */,
				6C15D8C524C2D08C000B9513 /* Sources */,
				6C15D8C624C2D08C000B9513 /* Frameworks */,
				6C15D8C724C2D08C000B9513 /* Resources */,
				95BA2C2D73FD12CD1674ED97 /* [CP] Embed Pods Frameworks */,
			);
			buildRules = (
			);
			dependencies = (
			);
			name = "Flickr-MVVM";
			productName = "Flickr-MVVM";
			productReference = 6C15D8C924C2D08C000B9513 /* Flickr-MVVM.app */;
			productType = "com.apple.product-type.application";
		};
/* End PBXNativeTarget section */

/* Begin PBXProject section */
		6C15D8C124C2D08C000B9513 /* Project object */ = {
			isa = PBXProject;
			attributes = {
				LastSwiftUpdateCheck = 1100;
				LastUpgradeCheck = 1100;
				ORGANIZATIONNAME = "Sakshi Jaiswal";
				TargetAttributes = {
					6C15D8C824C2D08C000B9513 = {
						CreatedOnToolsVersion = 11.0;
					};
				};
			};
			buildConfigurationList = 6C15D8C424C2D08C000B9513 /* Build configuration list for PBXProject "Flickr-MVVM" */;
			compatibilityVersion = "Xcode 9.3";
			developmentRegion = en;
			hasScannedForEncodings = 0;
			knownRegions = (
				en,
				Base,
			);
			mainGroup = 6C15D8C024C2D08C000B9513;
			productRefGroup = 6C15D8CA24C2D08C000B9513 /* Products */;
			projectDirPath = "";
			projectRoot = "";
			targets = (
				6C15D8C824C2D08C000B9513 /* Flickr-MVVM */,
			);
		};
/* End PBXProject section */

/* Begin PBXResourcesBuildPhase section */
		6C15D8C724C2D08C000B9513 /* Resources */ = {
			isa = PBXResourcesBuildPhase;
			buildActionMask = 2147483647;
			files = (
				6C15D8D924C2D08E000B9513 /* LaunchScreen.storyboard in Resources */,
				6C15D8D624C2D08E000B9513 /* Assets.xcassets in Resources */,
				6C15D8D424C2D08C000B9513 /* Main.storyboard in Resources */,
			);
			runOnlyForDeploymentPostprocessing = 0;
		};
/* End PBXResourcesBuildPhase section */

/* Begin PBXShellScriptBuildPhase section */
		26BA9187B891CDED07EA97D1 /* [CP] Check Pods Manifest.lock */ = {
			isa = PBXShellScriptBuildPhase;
			buildActionMask = 2147483647;
			files = (
			);
			inputFileListPaths = (
			);
			inputPaths = (
				"${PODS_PODFILE_DIR_PATH}/Podfile.lock",
				"${PODS_ROOT}/Manifest.lock",
			);
			name = "[CP] Check Pods Manifest.lock";
			outputFileListPaths = (
			);
			outputPaths = (
				"$(DERIVED_FILE_DIR)/Pods-Flickr-MVVM-checkManifestLockResult.txt",
			);
			runOnlyForDeploymentPostprocessing = 0;
			shellPath = /bin/sh;
			shellScript = "diff \"${PODS_PODFILE_DIR_PATH}/Podfile.lock\" \"${PODS_ROOT}/Manifest.lock\" > /dev/null\nif [ $? != 0 ] ; then\n    # print error to STDERR\n    echo \"error: The sandbox is not in sync with the Podfile.lock. Run 'pod install' or update your CocoaPods installation.\" >&2\n    exit 1\nfi\n# This output is used by Xcode 'outputs' to avoid re-running this script phase.\necho \"SUCCESS\" > \"${SCRIPT_OUTPUT_FILE_0}\"\n";
			showEnvVarsInLog = 0;
		};
		95BA2C2D73FD12CD1674ED97 /* [CP] Embed Pods Frameworks */ = {
			isa = PBXShellScriptBuildPhase;
			buildActionMask = 2147483647;
			files = (
			);
			inputFileListPaths = (
				"${PODS_ROOT}/Target Support Files/Pods-Flickr-MVVM/Pods-Flickr-MVVM-frameworks-${CONFIGURATION}-input-files.xcfilelist",
			);
			name = "[CP] Embed Pods Frameworks";
			outputFileListPaths = (
				"${PODS_ROOT}/Target Support Files/Pods-Flickr-MVVM/Pods-Flickr-MVVM-frameworks-${CONFIGURATION}-output-files.xcfilelist",
			);
			runOnlyForDeploymentPostprocessing = 0;
			shellPath = /bin/sh;
			shellScript = "\"${PODS_ROOT}/Target Support Files/Pods-Flickr-MVVM/Pods-Flickr-MVVM-frameworks.sh\"\n";
			showEnvVarsInLog = 0;
		};
/* End PBXShellScriptBuildPhase section */

/* Begin PBXSourcesBuildPhase section */
		6C15D8C524C2D08C000B9513 /* Sources */ = {
			isa = PBXSourcesBuildPhase;
			buildActionMask = 2147483647;
			files = (
				6C33BAC524C5C53C00B4BC02 /* TechnologyCoordinator.swift in Sources */,
				6C3BA16524C5BB0E000A8722 /* FlickrSessionManager.swift in Sources */,
				6C3BA16324C5B590000A8722 /* ApiConstants.swift in Sources */,
				6C4CBD3424C499B500C68B7C /* Coordinator.swift in Sources */,
				6C15D8CD24C2D08C000B9513 /* AppDelegate.swift in Sources */,
				6C15D8E524C349E7000B9513 /* UserListResponseModel.swift in Sources */,
				6C3BA16B24C5BE42000A8722 /* FlickrCollectionViewModel.swift in Sources */,
				6C4CBD3624C499CE00C68B7C /* ListingCoordinator.swift in Sources */,
				6C33BAC324C5C4DF00B4BC02 /* UsedTechnologyController.swift in Sources */,
				6C3BA16724C5BB4B000A8722 /* PhotoModel.swift in Sources */,
				6C4CBD4024C4F49300C68B7C /* FlickrViewController.swift in Sources */,
				6C4CBD3B24C4A27800C68B7C /* UserSessionManager.swift in Sources */,
				6C4CBD2F24C479D600C68B7C /* DetailViewModel.swift in Sources */,
				6C15D8CF24C2D08C000B9513 /* SceneDelegate.swift in Sources */,
				6C4CBD2D24C4795500C68B7C /* DetailViewController.swift in Sources */,
				6C4CBD2724C436D700C68B7C /* UserListingViewModel.swift in Sources */,
				6C4CBD3924C4A14A00C68B7C /* SessionManager.swift in Sources */,
				6C3BA16D24C5BF05000A8722 /* FlickrViewModel.swift in Sources */,
				6C3BA16F24C5C057000A8722 /* FlickrCollectionCell.swift in Sources */,
				6C3BA16924C5BC53000A8722 /* FlickrCoordinator.swift in Sources */,
				6C4CBD3E24C4E6DF00C68B7C /* StoryBoard+Extension.swift in Sources */,
				6C15D8E224C2F06A000B9513 /* UserListingController.swift in Sources */,
			);
			runOnlyForDeploymentPostprocessing = 0;
		};
/* End PBXSourcesBuildPhase section */

/* Begin PBXVariantGroup section */
		6C15D8D224C2D08C000B9513 /* Main.storyboard */ = {
			isa = PBXVariantGroup;
			children = (
				6C15D8D324C2D08C000B9513 /* Base */,
			);
			name = Main.storyboard;
			sourceTree = "<group>";
		};
		6C15D8D724C2D08E000B9513 /* LaunchScreen.storyboard */ = {
			isa = PBXVariantGroup;
			children = (
				6C15D8D824C2D08E000B9513 /* Base */,
			);
			name = LaunchScreen.storyboard;
			sourceTree = "<group>";
		};
/* End PBXVariantGroup section */

/* Begin XCBuildConfiguration section */
		6C15D8DB24C2D08E000B9513 /* Debug */ = {
			isa = XCBuildConfiguration;
			buildSettings = {
				ALWAYS_SEARCH_USER_PATHS = NO;
				CLANG_ANALYZER_NONNULL = YES;
				CLANG_ANALYZER_NUMBER_OBJECT_CONVERSION = YES_AGGRESSIVE;
				CLANG_CXX_LANGUAGE_STANDARD = "gnu++14";
				CLANG_CXX_LIBRARY = "libc++";
				CLANG_ENABLE_MODULES = YES;
				CLANG_ENABLE_OBJC_ARC = YES;
				CLANG_ENABLE_OBJC_WEAK = YES;
				CLANG_WARN_BLOCK_CAPTURE_AUTORELEASING = YES;
				CLANG_WARN_BOOL_CONVERSION = YES;
				CLANG_WARN_COMMA = YES;
				CLANG_WARN_CONSTANT_CONVERSION = YES;
				CLANG_WARN_DEPRECATED_OBJC_IMPLEMENTATIONS = YES;
				CLANG_WARN_DIRECT_OBJC_ISA_USAGE = YES_ERROR;
				CLANG_WARN_DOCUMENTATION_COMMENTS = YES;
				CLANG_WARN_EMPTY_BODY = YES;
				CLANG_WARN_ENUM_CONVERSION = YES;
				CLANG_WARN_INFINITE_RECURSION = YES;
				CLANG_WARN_INT_CONVERSION = YES;
				CLANG_WARN_NON_LITERAL_NULL_CONVERSION = YES;
				CLANG_WARN_OBJC_IMPLICIT_RETAIN_SELF = YES;
				CLANG_WARN_OBJC_LITERAL_CONVERSION = YES;
				CLANG_WARN_OBJC_ROOT_CLASS = YES_ERROR;
				CLANG_WARN_RANGE_LOOP_ANALYSIS = YES;
				CLANG_WARN_STRICT_PROTOTYPES = YES;
				CLANG_WARN_SUSPICIOUS_MOVE = YES;
				CLANG_WARN_UNGUARDED_AVAILABILITY = YES_AGGRESSIVE;
				CLANG_WARN_UNREACHABLE_CODE = YES;
				CLANG_WARN__DUPLICATE_METHOD_MATCH = YES;
				COPY_PHASE_STRIP = NO;
				DEBUG_INFORMATION_FORMAT = dwarf;
				ENABLE_STRICT_OBJC_MSGSEND = YES;
				ENABLE_TESTABILITY = YES;
				GCC_C_LANGUAGE_STANDARD = gnu11;
				GCC_DYNAMIC_NO_PIC = NO;
				GCC_NO_COMMON_BLOCKS = YES;
				GCC_OPTIMIZATION_LEVEL = 0;
				GCC_PREPROCESSOR_DEFINITIONS = (
					"DEBUG=1",
					"$(inherited)",
				);
				GCC_WARN_64_TO_32_BIT_CONVERSION = YES;
				GCC_WARN_ABOUT_RETURN_TYPE = YES_ERROR;
				GCC_WARN_UNDECLARED_SELECTOR = YES;
				GCC_WARN_UNINITIALIZED_AUTOS = YES_AGGRESSIVE;
				GCC_WARN_UNUSED_FUNCTION = YES;
				GCC_WARN_UNUSED_VARIABLE = YES;
				IPHONEOS_DEPLOYMENT_TARGET = 13.0;
				MTL_ENABLE_DEBUG_INFO = INCLUDE_SOURCE;
				MTL_FAST_MATH = YES;
				ONLY_ACTIVE_ARCH = YES;
				SDKROOT = iphoneos;
				SWIFT_ACTIVE_COMPILATION_CONDITIONS = DEBUG;
				SWIFT_OPTIMIZATION_LEVEL = "-Onone";
			};
			name = Debug;
		};
		6C15D8DC24C2D08E000B9513 /* Release */ = {
			isa = XCBuildConfiguration;
			buildSettings = {
				ALWAYS_SEARCH_USER_PATHS = NO;
				CLANG_ANALYZER_NONNULL = YES;
				CLANG_ANALYZER_NUMBER_OBJECT_CONVERSION = YES_AGGRESSIVE;
				CLANG_CXX_LANGUAGE_STANDARD = "gnu++14";
				CLANG_CXX_LIBRARY = "libc++";
				CLANG_ENABLE_MODULES = YES;
				CLANG_ENABLE_OBJC_ARC = YES;
				CLANG_ENABLE_OBJC_WEAK = YES;
				CLANG_WARN_BLOCK_CAPTURE_AUTORELEASING = YES;
				CLANG_WARN_BOOL_CONVERSION = YES;
				CLANG_WARN_COMMA = YES;
				CLANG_WARN_CONSTANT_CONVERSION = YES;
				CLANG_WARN_DEPRECATED_OBJC_IMPLEMENTATIONS = YES;
				CLANG_WARN_DIRECT_OBJC_ISA_USAGE = YES_ERROR;
				CLANG_WARN_DOCUMENTATION_COMMENTS = YES;
				CLANG_WARN_EMPTY_BODY = YES;
				CLANG_WARN_ENUM_CONVERSION = YES;
				CLANG_WARN_INFINITE_RECURSION = YES;
				CLANG_WARN_INT_CONVERSION = YES;
				CLANG_WARN_NON_LITERAL_NULL_CONVERSION = YES;
				CLANG_WARN_OBJC_IMPLICIT_RETAIN_SELF = YES;
				CLANG_WARN_OBJC_LITERAL_CONVERSION = YES;
				CLANG_WARN_OBJC_ROOT_CLASS = YES_ERROR;
				CLANG_WARN_RANGE_LOOP_ANALYSIS = YES;
				CLANG_WARN_STRICT_PROTOTYPES = YES;
				CLANG_WARN_SUSPICIOUS_MOVE = YES;
				CLANG_WARN_UNGUARDED_AVAILABILITY = YES_AGGRESSIVE;
				CLANG_WARN_UNREACHABLE_CODE = YES;
				CLANG_WARN__DUPLICATE_METHOD_MATCH = YES;
				COPY_PHASE_STRIP = NO;
				DEBUG_INFORMATION_FORMAT = "dwarf-with-dsym";
				ENABLE_NS_ASSERTIONS = NO;
				ENABLE_STRICT_OBJC_MSGSEND = YES;
				GCC_C_LANGUAGE_STANDARD = gnu11;
				GCC_NO_COMMON_BLOCKS = YES;
				GCC_WARN_64_TO_32_BIT_CONVERSION = YES;
				GCC_WARN_ABOUT_RETURN_TYPE = YES_ERROR;
				GCC_WARN_UNDECLARED_SELECTOR = YES;
				GCC_WARN_UNINITIALIZED_AUTOS = YES_AGGRESSIVE;
				GCC_WARN_UNUSED_FUNCTION = YES;
				GCC_WARN_UNUSED_VARIABLE = YES;
				IPHONEOS_DEPLOYMENT_TARGET = 13.0;
				MTL_ENABLE_DEBUG_INFO = NO;
				MTL_FAST_MATH = YES;
				SDKROOT = iphoneos;
				SWIFT_COMPILATION_MODE = wholemodule;
				SWIFT_OPTIMIZATION_LEVEL = "-O";
				VALIDATE_PRODUCT = YES;
			};
			name = Release;
		};
		6C15D8DE24C2D08E000B9513 /* Debug */ = {
			isa = XCBuildConfiguration;
			baseConfigurationReference = 77D3EC33F13EA32761C75C3A /* Pods-Flickr-MVVM.debug.xcconfig */;
			buildSettings = {
				ASSETCATALOG_COMPILER_APPICON_NAME = AppIcon;
				CODE_SIGN_STYLE = Automatic;
				DEVELOPMENT_TEAM = LK82N6733G;
				INFOPLIST_FILE = "Flickr-MVVM/Info.plist";
				LD_RUNPATH_SEARCH_PATHS = (
					"$(inherited)",
					"@executable_path/Frameworks",
				);
				PRODUCT_BUNDLE_IDENTIFIER = "jswal-sakshi.Flickr-MVVM";
				PRODUCT_NAME = "$(TARGET_NAME)";
				SWIFT_VERSION = 5.0;
				TARGETED_DEVICE_FAMILY = "1,2";
			};
			name = Debug;
		};
		6C15D8DF24C2D08E000B9513 /* Release */ = {
			isa = XCBuildConfiguration;
			baseConfigurationReference = B05F2D0FACF9B180EAEEB876 /* Pods-Flickr-MVVM.release.xcconfig */;
			buildSettings = {
				ASSETCATALOG_COMPILER_APPICON_NAME = AppIcon;
				CODE_SIGN_STYLE = Automatic;
				DEVELOPMENT_TEAM = LK82N6733G;
				INFOPLIST_FILE = "Flickr-MVVM/Info.plist";
				LD_RUNPATH_SEARCH_PATHS = (
					"$(inherited)",
					"@executable_path/Frameworks",
				);
				PRODUCT_BUNDLE_IDENTIFIER = "jswal-sakshi.Flickr-MVVM";
				PRODUCT_NAME = "$(TARGET_NAME)";
				SWIFT_VERSION = 5.0;
				TARGETED_DEVICE_FAMILY = "1,2";
			};
			name = Release;
		};
/* End XCBuildConfiguration section */

/* Begin XCConfigurationList section */
		6C15D8C424C2D08C000B9513 /* Build configuration list for PBXProject "Flickr-MVVM" */ = {
			isa = XCConfigurationList;
			buildConfigurations = (
				6C15D8DB24C2D08E000B9513 /* Debug */,
				6C15D8DC24C2D08E000B9513 /* Release */,
			);
			defaultConfigurationIsVisible = 0;
			defaultConfigurationName = Release;
		};
		6C15D8DD24C2D08E000B9513 /* Build configuration list for PBXNativeTarget "Flickr-MVVM" */ = {
			isa = XCConfigurationList;
			buildConfigurations = (
				6C15D8DE24C2D08E000B9513 /* Debug */,
				6C15D8DF24C2D08E000B9513 /* Release */,
			);
			defaultConfigurationIsVisible = 0;
			defaultConfigurationName = Release;
		};
/* End XCConfigurationList section */
	};
	rootObject = 6C15D8C124C2D08C000B9513 /* Project object */;
}
